// !$*UTF8*$!
{
	archiveVersion = 1;
	classes = {
	};
	objectVersion = 51;
	objects = {

/* Begin PBXBuildFile section */
		63B5092423060B860049B44D /* GoogleService-Info.plist in Resources */ = {isa = PBXBuildFile; fileRef = 63B5092323060B860049B44D /* GoogleService-Info.plist */; };
		63B50926230617390049B44D /* ProfileTableViewController.swift in Sources */ = {isa = PBXBuildFile; fileRef = 63B50925230617390049B44D /* ProfileTableViewController.swift */; };
		63B5092A230617590049B44D /* SettingsViewController.swift in Sources */ = {isa = PBXBuildFile; fileRef = 63B50929230617590049B44D /* SettingsViewController.swift */; };
		63D8092A2308ACF0009B1F3D /* AvatarViewController.swift in Sources */ = {isa = PBXBuildFile; fileRef = 63D809292308ACF0009B1F3D /* AvatarViewController.swift */; };
		63D8092E2309EF06009B1F3D /* ChatViewController.swift in Sources */ = {isa = PBXBuildFile; fileRef = 63D8092D2309EF06009B1F3D /* ChatViewController.swift */; };
		63DF190B2305FC1800E09A45 /* AppDelegate.swift in Sources */ = {isa = PBXBuildFile; fileRef = 63DF190A2305FC1800E09A45 /* AppDelegate.swift */; };
		63DF190D2305FC1800E09A45 /* ViewController.swift in Sources */ = {isa = PBXBuildFile; fileRef = 63DF190C2305FC1800E09A45 /* ViewController.swift */; };
		63DF19102305FC1800E09A45 /* Main.storyboard in Resources */ = {isa = PBXBuildFile; fileRef = 63DF190E2305FC1800E09A45 /* Main.storyboard */; };
		63DF19122305FC1A00E09A45 /* Assets.xcassets in Resources */ = {isa = PBXBuildFile; fileRef = 63DF19112305FC1A00E09A45 /* Assets.xcassets */; };
		63DF19152305FC1A00E09A45 /* LaunchScreen.storyboard in Resources */ = {isa = PBXBuildFile; fileRef = 63DF19132305FC1A00E09A45 /* LaunchScreen.storyboard */; };
		E749A204AEE745EFEDC5D109 /* Pods_Chat_App.framework in Frameworks */ = {isa = PBXBuildFile; fileRef = 59784190EC9CB6DD8CF8D2D4 /* Pods_Chat_App.framework */; };
/* End PBXBuildFile section */

/* Begin PBXFileReference section */
		2B0F0A9B3219A97B6CA10D4A /* Pods-Chat App.release.xcconfig */ = {isa = PBXFileReference; includeInIndex = 1; lastKnownFileType = text.xcconfig; name = "Pods-Chat App.release.xcconfig"; path = "Target Support Files/Pods-Chat App/Pods-Chat App.release.xcconfig"; sourceTree = "<group>"; };
		59784190EC9CB6DD8CF8D2D4 /* Pods_Chat_App.framework */ = {isa = PBXFileReference; explicitFileType = wrapper.framework; includeInIndex = 0; path = Pods_Chat_App.framework; sourceTree = BUILT_PRODUCTS_DIR; };
		63B50922230604390049B44D /* Chat App.entitlements */ = {isa = PBXFileReference; lastKnownFileType = text.plist.entitlements; path = "Chat App.entitlements"; sourceTree = "<group>"; };
		63B5092323060B860049B44D /* GoogleService-Info.plist */ = {isa = PBXFileReference; fileEncoding = 4; lastKnownFileType = text.plist.xml; path = "GoogleService-Info.plist"; sourceTree = "<group>"; };
		63B50925230617390049B44D /* ProfileTableViewController.swift */ = {isa = PBXFileReference; lastKnownFileType = sourcecode.swift; path = ProfileTableViewController.swift; sourceTree = "<group>"; };
		63B50929230617590049B44D /* SettingsViewController.swift */ = {isa = PBXFileReference; lastKnownFileType = sourcecode.swift; path = SettingsViewController.swift; sourceTree = "<group>"; };
		63D809292308ACF0009B1F3D /* AvatarViewController.swift */ = {isa = PBXFileReference; lastKnownFileType = sourcecode.swift; path = AvatarViewController.swift; sourceTree = "<group>"; };
		63D8092D2309EF06009B1F3D /* ChatViewController.swift */ = {isa = PBXFileReference; lastKnownFileType = sourcecode.swift; path = ChatViewController.swift; sourceTree = "<group>"; };
		63DF19072305FC1800E09A45 /* Chat App.app */ = {isa = PBXFileReference; explicitFileType = wrapper.application; includeInIndex = 0; path = "Chat App.app"; sourceTree = BUILT_PRODUCTS_DIR; };
		63DF190A2305FC1800E09A45 /* AppDelegate.swift */ = {isa = PBXFileReference; lastKnownFileType = sourcecode.swift; path = AppDelegate.swift; sourceTree = "<group>"; };
		63DF190C2305FC1800E09A45 /* ViewController.swift */ = {isa = PBXFileReference; lastKnownFileType = sourcecode.swift; path = ViewController.swift; sourceTree = "<group>"; };
		63DF190F2305FC1800E09A45 /* Base */ = {isa = PBXFileReference; lastKnownFileType = file.storyboard; name = Base; path = Base.lproj/Main.storyboard; sourceTree = "<group>"; };
		63DF19112305FC1A00E09A45 /* Assets.xcassets */ = {isa = PBXFileReference; lastKnownFileType = folder.assetcatalog; path = Assets.xcassets; sourceTree = "<group>"; };
		63DF19142305FC1A00E09A45 /* Base */ = {isa = PBXFileReference; lastKnownFileType = file.storyboard; name = Base; path = Base.lproj/LaunchScreen.storyboard; sourceTree = "<group>"; };
		63DF19162305FC1A00E09A45 /* Info.plist */ = {isa = PBXFileReference; lastKnownFileType = text.plist.xml; path = Info.plist; sourceTree = "<group>"; };
		9AB6E00C6D285E8C30B23FF6 /* Pods-Chat App.debug.xcconfig */ = {isa = PBXFileReference; includeInIndex = 1; lastKnownFileType = text.xcconfig; name = "Pods-Chat App.debug.xcconfig"; path = "Target Support Files/Pods-Chat App/Pods-Chat App.debug.xcconfig"; sourceTree = "<group>"; };
/* End PBXFileReference section */

/* Begin PBXFrameworksBuildPhase section */
		63DF19042305FC1800E09A45 /* Frameworks */ = {
			isa = PBXFrameworksBuildPhase;
			buildActionMask = 2147483647;
			files = (
				E749A204AEE745EFEDC5D109 /* Pods_Chat_App.framework in Frameworks */,
			);
			runOnlyForDeploymentPostprocessing = 0;
		};
/* End PBXFrameworksBuildPhase section */

/* Begin PBXGroup section */
		04C91B4AA87FEC119E0A56EE /* Frameworks */ = {
			isa = PBXGroup;
			children = (
				59784190EC9CB6DD8CF8D2D4 /* Pods_Chat_App.framework */,
			);
			name = Frameworks;
			sourceTree = "<group>";
		};
		188F7C4D746DF8F0FD80D1BE /* Pods */ = {
			isa = PBXGroup;
			children = (
				9AB6E00C6D285E8C30B23FF6 /* Pods-Chat App.debug.xcconfig */,
				2B0F0A9B3219A97B6CA10D4A /* Pods-Chat App.release.xcconfig */,
			);
			path = Pods;
			sourceTree = "<group>";
		};
		63B5092C23061AA90049B44D /* View */ = {
			isa = PBXGroup;
			children = (
				63DF19112305FC1A00E09A45 /* Assets.xcassets */,
				63DF190E2305FC1800E09A45 /* Main.storyboard */,
				63DF19132305FC1A00E09A45 /* LaunchScreen.storyboard */,
			);
			path = View;
			sourceTree = "<group>";
		};
		63DF18FE2305FC1700E09A45 = {
			isa = PBXGroup;
			children = (
				63DF19092305FC1800E09A45 /* Chat App */,
				63DF19082305FC1800E09A45 /* Products */,
				188F7C4D746DF8F0FD80D1BE /* Pods */,
				04C91B4AA87FEC119E0A56EE /* Frameworks */,
			);
			sourceTree = "<group>";
		};
		63DF19082305FC1800E09A45 /* Products */ = {
			isa = PBXGroup;
			children = (
				63DF19072305FC1800E09A45 /* Chat App.app */,
			);
			name = Products;
			sourceTree = "<group>";
		};
		63DF19092305FC1800E09A45 /* Chat App */ = {
			isa = PBXGroup;
			children = (
				63B50922230604390049B44D /* Chat App.entitlements */,
				63B5092323060B860049B44D /* GoogleService-Info.plist */,
				63DF190A2305FC1800E09A45 /* AppDelegate.swift */,
				63DF19162305FC1A00E09A45 /* Info.plist */,
				63DF190C2305FC1800E09A45 /* ViewController.swift */,
				63B50925230617390049B44D /* ProfileTableViewController.swift */,
				63B50929230617590049B44D /* SettingsViewController.swift */,
				63D809292308ACF0009B1F3D /* AvatarViewController.swift */,
				63D8092D2309EF06009B1F3D /* ChatViewController.swift */,
				63B5092C23061AA90049B44D /* View */,
			);
			path = "Chat App";
			sourceTree = "<group>";
		};
/* End PBXGroup section */

/* Begin PBXNativeTarget section */
		63DF19062305FC1800E09A45 /* Chat App */ = {
			isa = PBXNativeTarget;
			buildConfigurationList = 63DF19192305FC1A00E09A45 /* Build configuration list for PBXNativeTarget "Chat App" */;
			buildPhases = (
				378B21CB7E6F0919D8328D0D /* [CP] Check Pods Manifest.lock */,
				63DF19032305FC1800E09A45 /* Sources */,
				63DF19042305FC1800E09A45 /* Frameworks */,
				63DF19052305FC1800E09A45 /* Resources */,
				997334286970355BADD61F54 /* [CP] Embed Pods Frameworks */,
			);
			buildRules = (
			);
			dependencies = (
			);
			name = "Chat App";
			productName = "Chat App";
			productReference = 63DF19072305FC1800E09A45 /* Chat App.app */;
			productType = "com.apple.product-type.application";
		};
/* End PBXNativeTarget section */

/* Begin PBXProject section */
		63DF18FF2305FC1700E09A45 /* Project object */ = {
			isa = PBXProject;
			attributes = {
				LastSwiftUpdateCheck = 1030;
				LastUpgradeCheck = 1030;
				ORGANIZATIONNAME = "Marek Garczewski";
				TargetAttributes = {
					63DF19062305FC1800E09A45 = {
						CreatedOnToolsVersion = 10.3;
						SystemCapabilities = {
							com.apple.Keychain = {
								enabled = 1;
							};
						};
					};
				};
			};
			buildConfigurationList = 63DF19022305FC1700E09A45 /* Build configuration list for PBXProject "Chat App" */;
			compatibilityVersion = "Xcode 9.3";
			developmentRegion = en;
			hasScannedForEncodings = 0;
			knownRegions = (
				en,
				Base,
			);
			mainGroup = 63DF18FE2305FC1700E09A45;
			productRefGroup = 63DF19082305FC1800E09A45 /* Products */;
			projectDirPath = "";
			projectRoot = "";
			targets = (
				63DF19062305FC1800E09A45 /* Chat App */,
			);
		};
/* End PBXProject section */

/* Begin PBXResourcesBuildPhase section */
		63DF19052305FC1800E09A45 /* Resources */ = {
			isa = PBXResourcesBuildPhase;
			buildActionMask = 2147483647;
			files = (
				63DF19152305FC1A00E09A45 /* LaunchScreen.storyboard in Resources */,
				63B5092423060B860049B44D /* GoogleService-Info.plist in Resources */,
				63DF19122305FC1A00E09A45 /* Assets.xcassets in Resources */,
				63DF19102305FC1800E09A45 /* Main.storyboard in Resources */,
			);
			runOnlyForDeploymentPostprocessing = 0;
		};
/* End PBXResourcesBuildPhase section */

/* Begin PBXShellScriptBuildPhase section */
		378B21CB7E6F0919D8328D0D /* [CP] Check Pods Manifest.lock */ = {
			isa = PBXShellScriptBuildPhase;
			buildActionMask = 2147483647;
			files = (
			);
			inputFileListPaths = (
			);
			inputPaths = (
				"${PODS_PODFILE_DIR_PATH}/Podfile.lock",
				"${PODS_ROOT}/Manifest.lock",
			);
			name = "[CP] Check Pods Manifest.lock";
			outputFileListPaths = (
			);
			outputPaths = (
				"$(DERIVED_FILE_DIR)/Pods-Chat App-checkManifestLockResult.txt",
			);
			runOnlyForDeploymentPostprocessing = 0;
			shellPath = /bin/sh;
			shellScript = "diff \"${PODS_PODFILE_DIR_PATH}/Podfile.lock\" \"${PODS_ROOT}/Manifest.lock\" > /dev/null\nif [ $? != 0 ] ; then\n    # print error to STDERR\n    echo \"error: The sandbox is not in sync with the Podfile.lock. Run 'pod install' or update your CocoaPods installation.\" >&2\n    exit 1\nfi\n# This output is used by Xcode 'outputs' to avoid re-running this script phase.\necho \"SUCCESS\" > \"${SCRIPT_OUTPUT_FILE_0}\"\n";
			showEnvVarsInLog = 0;
		};
		997334286970355BADD61F54 /* [CP] Embed Pods Frameworks */ = {
			isa = PBXShellScriptBuildPhase;
			buildActionMask = 2147483647;
			files = (
			);
			inputFileListPaths = (
				"${PODS_ROOT}/Target Support Files/Pods-Chat App/Pods-Chat App-frameworks-${CONFIGURATION}-input-files.xcfilelist",
			);
			name = "[CP] Embed Pods Frameworks";
			outputFileListPaths = (
				"${PODS_ROOT}/Target Support Files/Pods-Chat App/Pods-Chat App-frameworks-${CONFIGURATION}-output-files.xcfilelist",
			);
			runOnlyForDeploymentPostprocessing = 0;
			shellPath = /bin/sh;
			shellScript = "\"${PODS_ROOT}/Target Support Files/Pods-Chat App/Pods-Chat App-frameworks.sh\"\n";
			showEnvVarsInLog = 0;
		};
/* End PBXShellScriptBuildPhase section */

/* Begin PBXSourcesBuildPhase section */
		63DF19032305FC1800E09A45 /* Sources */ = {
			isa = PBXSourcesBuildPhase;
			buildActionMask = 2147483647;
			files = (
				63D8092A2308ACF0009B1F3D /* AvatarViewController.swift in Sources */,
				63B50926230617390049B44D /* ProfileTableViewController.swift in Sources */,
				63DF190D2305FC1800E09A45 /* ViewController.swift in Sources */,
				63B5092A230617590049B44D /* SettingsViewController.swift in Sources */,
				63D8092E2309EF06009B1F3D /* ChatViewController.swift in Sources */,
				63DF190B2305FC1800E09A45 /* AppDelegate.swift in Sources */,
			);
			runOnlyForDeploymentPostprocessing = 0;
		};
/* End PBXSourcesBuildPhase section */

/* Begin PBXVariantGroup section */
		63DF190E2305FC1800E09A45 /* Main.storyboard */ = {
			isa = PBXVariantGroup;
			children = (
				63DF190F2305FC1800E09A45 /* Base */,
			);
			name = Main.storyboard;
			sourceTree = "<group>";
		};
		63DF19132305FC1A00E09A45 /* LaunchScreen.storyboard */ = {
			isa = PBXVariantGroup;
			children = (
				63DF19142305FC1A00E09A45 /* Base */,
			);
			name = LaunchScreen.storyboard;
			sourceTree = "<group>";
		};
/* End PBXVariantGroup section */

/* Begin XCBuildConfiguration section */
		63DF19172305FC1A00E09A45 /* Debug */ = {
			isa = XCBuildConfiguration;
			buildSettings = {
				ALWAYS_SEARCH_USER_PATHS = NO;
				CLANG_ANALYZER_NONNULL = YES;
				CLANG_ANALYZER_NUMBER_OBJECT_CONVERSION = YES_AGGRESSIVE;
				CLANG_CXX_LANGUAGE_STANDARD = "gnu++14";
				CLANG_CXX_LIBRARY = "libc++";
				CLANG_ENABLE_MODULES = YES;
				CLANG_ENABLE_OBJC_ARC = YES;
				CLANG_ENABLE_OBJC_WEAK = YES;
				CLANG_WARN_BLOCK_CAPTURE_AUTORELEASING = YES;
				CLANG_WARN_BOOL_CONVERSION = YES;
				CLANG_WARN_COMMA = YES;
				CLANG_WARN_CONSTANT_CONVERSION = YES;
				CLANG_WARN_DEPRECATED_OBJC_IMPLEMENTATIONS = YES;
				CLANG_WARN_DIRECT_OBJC_ISA_USAGE = YES_ERROR;
				CLANG_WARN_DOCUMENTATION_COMMENTS = YES;
				CLANG_WARN_EMPTY_BODY = YES;
				CLANG_WARN_ENUM_CONVERSION = YES;
				CLANG_WARN_INFINITE_RECURSION = YES;
				CLANG_WARN_INT_CONVERSION = YES;
				CLANG_WARN_NON_LITERAL_NULL_CONVERSION = YES;
				CLANG_WARN_OBJC_IMPLICIT_RETAIN_SELF = YES;
				CLANG_WARN_OBJC_LITERAL_CONVERSION = YES;
				CLANG_WARN_OBJC_ROOT_CLASS = YES_ERROR;
				CLANG_WARN_RANGE_LOOP_ANALYSIS = YES;
				CLANG_WARN_STRICT_PROTOTYPES = YES;
				CLANG_WARN_SUSPICIOUS_MOVE = YES;
				CLANG_WARN_UNGUARDED_AVAILABILITY = YES_AGGRESSIVE;
				CLANG_WARN_UNREACHABLE_CODE = YES;
				CLANG_WARN__DUPLICATE_METHOD_MATCH = YES;
				CODE_SIGN_IDENTITY = "iPhone Developer";
				COPY_PHASE_STRIP = NO;
				DEBUG_INFORMATION_FORMAT = dwarf;
				ENABLE_STRICT_OBJC_MSGSEND = YES;
				ENABLE_TESTABILITY = YES;
				GCC_C_LANGUAGE_STANDARD = gnu11;
				GCC_DYNAMIC_NO_PIC = NO;
				GCC_NO_COMMON_BLOCKS = YES;
				GCC_OPTIMIZATION_LEVEL = 0;
				GCC_PREPROCESSOR_DEFINITIONS = (
					"DEBUG=1",
					"$(inherited)",
				);
				GCC_WARN_64_TO_32_BIT_CONVERSION = YES;
				GCC_WARN_ABOUT_RETURN_TYPE = YES_ERROR;
				GCC_WARN_UNDECLARED_SELECTOR = YES;
				GCC_WARN_UNINITIALIZED_AUTOS = YES_AGGRESSIVE;
				GCC_WARN_UNUSED_FUNCTION = YES;
				GCC_WARN_UNUSED_VARIABLE = YES;
				IPHONEOS_DEPLOYMENT_TARGET = 12.4;
				MTL_ENABLE_DEBUG_INFO = INCLUDE_SOURCE;
				MTL_FAST_MATH = YES;
				ONLY_ACTIVE_ARCH = YES;
				SDKROOT = iphoneos;
				SWIFT_ACTIVE_COMPILATION_CONDITIONS = DEBUG;
				SWIFT_OPTIMIZATION_LEVEL = "-Onone";
			};
			name = Debug;
		};
		63DF19182305FC1A00E09A45 /* Release */ = {
			isa = XCBuildConfiguration;
			buildSettings = {
				ALWAYS_SEARCH_USER_PATHS = NO;
				CLANG_ANALYZER_NONNULL = YES;
				CLANG_ANALYZER_NUMBER_OBJECT_CONVERSION = YES_AGGRESSIVE;
				CLANG_CXX_LANGUAGE_STANDARD = "gnu++14";
				CLANG_CXX_LIBRARY = "libc++";
				CLANG_ENABLE_MODULES = YES;
				CLANG_ENABLE_OBJC_ARC = YES;
				CLANG_ENABLE_OBJC_WEAK = YES;
				CLANG_WARN_BLOCK_CAPTURE_AUTORELEASING = YES;
				CLANG_WARN_BOOL_CONVERSION = YES;
				CLANG_WARN_COMMA = YES;
				CLANG_WARN_CONSTANT_CONVERSION = YES;
				CLANG_WARN_DEPRECATED_OBJC_IMPLEMENTATIONS = YES;
				CLANG_WARN_DIRECT_OBJC_ISA_USAGE = YES_ERROR;
				CLANG_WARN_DOCUMENTATION_COMMENTS = YES;
				CLANG_WARN_EMPTY_BODY = YES;
				CLANG_WARN_ENUM_CONVERSION = YES;
				CLANG_WARN_INFINITE_RECURSION = YES;
				CLANG_WARN_INT_CONVERSION = YES;
				CLANG_WARN_NON_LITERAL_NULL_CONVERSION = YES;
				CLANG_WARN_OBJC_IMPLICIT_RETAIN_SELF = YES;
				CLANG_WARN_OBJC_LITERAL_CONVERSION = YES;
				CLANG_WARN_OBJC_ROOT_CLASS = YES_ERROR;
				CLANG_WARN_RANGE_LOOP_ANALYSIS = YES;
				CLANG_WARN_STRICT_PROTOTYPES = YES;
				CLANG_WARN_SUSPICIOUS_MOVE = YES;
				CLANG_WARN_UNGUARDED_AVAILABILITY = YES_AGGRESSIVE;
				CLANG_WARN_UNREACHABLE_CODE = YES;
				CLANG_WARN__DUPLICATE_METHOD_MATCH = YES;
				CODE_SIGN_IDENTITY = "iPhone Developer";
				COPY_PHASE_STRIP = NO;
				DEBUG_INFORMATION_FORMAT = "dwarf-with-dsym";
				ENABLE_NS_ASSERTIONS = NO;
				ENABLE_STRICT_OBJC_MSGSEND = YES;
				GCC_C_LANGUAGE_STANDARD = gnu11;
				GCC_NO_COMMON_BLOCKS = YES;
				GCC_WARN_64_TO_32_BIT_CONVERSION = YES;
				GCC_WARN_ABOUT_RETURN_TYPE = YES_ERROR;
				GCC_WARN_UNDECLARED_SELECTOR = YES;
				GCC_WARN_UNINITIALIZED_AUTOS = YES_AGGRESSIVE;
				GCC_WARN_UNUSED_FUNCTION = YES;
				GCC_WARN_UNUSED_VARIABLE = YES;
				IPHONEOS_DEPLOYMENT_TARGET = 12.4;
				MTL_ENABLE_DEBUG_INFO = NO;
				MTL_FAST_MATH = YES;
				SDKROOT = iphoneos;
				SWIFT_COMPILATION_MODE = wholemodule;
				SWIFT_OPTIMIZATION_LEVEL = "-O";
				VALIDATE_PRODUCT = YES;
			};
			name = Release;
		};
		63DF191A2305FC1A00E09A45 /* Debug */ = {
			isa = XCBuildConfiguration;
			baseConfigurationReference = 9AB6E00C6D285E8C30B23FF6 /* Pods-Chat App.debug.xcconfig */;
			buildSettings = {
				ASSETCATALOG_COMPILER_APPICON_NAME = AppIcon;
				CODE_SIGN_ENTITLEMENTS = "Chat App/Chat App.entitlements";
				CODE_SIGN_STYLE = Automatic;
				DEVELOPMENT_TEAM = 4J6X3XZMN7;
				INFOPLIST_FILE = "Chat App/Info.plist";
				LD_RUNPATH_SEARCH_PATHS = (
					"$(inherited)",
					"@executable_path/Frameworks",
				);
				PRODUCT_BUNDLE_IDENTIFIER = "com.marekgarczewski.Chat-App";
				PRODUCT_NAME = "$(TARGET_NAME)";
				SWIFT_VERSION = 5.0;
				TARGETED_DEVICE_FAMILY = "1,2";
			};
			name = Debug;
		};
		63DF191B2305FC1A00E09A45 /* Release */ = {
			isa = XCBuildConfiguration;
			baseConfigurationReference = 2B0F0A9B3219A97B6CA10D4A /* Pods-Chat App.release.xcconfig */;
			buildSettings = {
				ASSETCATALOG_COMPILER_APPICON_NAME = AppIcon;
				CODE_SIGN_ENTITLEMENTS = "Chat App/Chat App.entitlements";
				CODE_SIGN_STYLE = Automatic;
				DEVELOPMENT_TEAM = 4J6X3XZMN7;
				INFOPLIST_FILE = "Chat App/Info.plist";
				LD_RUNPATH_SEARCH_PATHS = (
					"$(inherited)",
					"@executable_path/Frameworks",
				);
				PRODUCT_BUNDLE_IDENTIFIER = "com.marekgarczewski.Chat-App";
				PRODUCT_NAME = "$(TARGET_NAME)";
				SWIFT_VERSION = 5.0;
				TARGETED_DEVICE_FAMILY = "1,2";
			};
			name = Release;
		};
/* End XCBuildConfiguration section */

/* Begin XCConfigurationList section */
		63DF19022305FC1700E09A45 /* Build configuration list for PBXProject "Chat App" */ = {
			isa = XCConfigurationList;
			buildConfigurations = (
				63DF19172305FC1A00E09A45 /* Debug */,
				63DF19182305FC1A00E09A45 /* Release */,
			);
			defaultConfigurationIsVisible = 0;
			defaultConfigurationName = Release;
		};
		63DF19192305FC1A00E09A45 /* Build configuration list for PBXNativeTarget "Chat App" */ = {
			isa = XCConfigurationList;
			buildConfigurations = (
				63DF191A2305FC1A00E09A45 /* Debug */,
				63DF191B2305FC1A00E09A45 /* Release */,
			);
			defaultConfigurationIsVisible = 0;
			defaultConfigurationName = Release;
		};
/* End XCConfigurationList section */
	};
	rootObject = 63DF18FF2305FC1700E09A45 /* Project object */;
}
